{
  "name": "depolyfill",
  "version": "1.0.0",
  "lockfileVersion": 1,
  "requires": true,
  "dependencies": {
    "agent-base": {
      "version": "4.2.1",
      "resolved": "http://registry.npm.alibaba-inc.com/agent-base/download/agent-base-4.2.1.tgz",
      "dev": true,
      "requires": {
        "es6-promisify": "5.0.0"
      }
    },
    "async-limiter": {
      "version": "1.0.0",
      "resolved": "http://registry.npm.alibaba-inc.com/async-limiter/download/async-limiter-1.0.0.tgz",
      "dev": true
    },
    "balanced-match": {
      "version": "1.0.0",
      "resolved": "http://registry.npm.alibaba-inc.com/balanced-match/download/balanced-match-1.0.0.tgz",
      "dev": true
    },
    "brace-expansion": {
      "version": "1.1.11",
      "resolved": "http://registry.npm.alibaba-inc.com/brace-expansion/download/brace-expansion-1.1.11.tgz",
      "dev": true,
      "requires": {
        "balanced-match": "1.0.0",
        "concat-map": "0.0.1"
      },
      "dependencies": {
        "balanced-match": {
          "version": "http://registry.npm.alibaba-inc.com/balanced-match/download/balanced-match-1.0.0.tgz"
        },
        "concat-map": {
          "version": "http://registry.npm.alibaba-inc.com/concat-map/download/concat-map-0.0.1.tgz"
        }
      }
    },
    "buffer-from": {
      "version": "1.1.1",
      "resolved": "http://registry.npm.alibaba-inc.com/buffer-from/download/buffer-from-1.1.1.tgz",
      "dev": true
    },
    "concat-map": {
      "version": "0.0.1",
      "resolved": "http://registry.npm.alibaba-inc.com/concat-map/download/concat-map-0.0.1.tgz",
      "dev": true
    },
    "concat-stream": {
      "version": "1.6.2",
      "resolved": "http://registry.npm.alibaba-inc.com/concat-stream/download/concat-stream-1.6.2.tgz",
      "dev": true,
      "requires": {
        "buffer-from": "1.1.1",
        "inherits": "2.0.3",
        "readable-stream": "2.3.6",
        "typedarray": "0.0.6"
      },
      "dependencies": {
        "buffer-from": {
          "version": "http://registry.npm.alibaba-inc.com/buffer-from/download/buffer-from-1.1.1.tgz"
        },
        "inherits": {
          "version": "http://registry.npm.alibaba-inc.com/inherits/download/inherits-2.0.3.tgz"
        },
        "readable-stream": {
          "version": "http://registry.npm.alibaba-inc.com/readable-stream/download/readable-stream-2.3.6.tgz"
        },
        "typedarray": {
          "version": "http://registry.npm.alibaba-inc.com/typedarray/download/typedarray-0.0.6.tgz"
        }
      }
    },
    "core-util-is": {
      "version": "1.0.2",
      "resolved": "http://registry.npm.alibaba-inc.com/core-util-is/download/core-util-is-1.0.2.tgz",
      "dev": true
    },
    "debug": {
      "version": "4.1.1",
      "resolved": "http://registry.npm.alibaba-inc.com/debug/download/debug-4.1.1.tgz",
      "dev": true,
      "requires": {
        "ms": "2.1.1"
      },
      "dependencies": {
        "ms": {
          "version": "http://registry.npm.alibaba-inc.com/ms/download/ms-2.1.1.tgz"
        }
      }
    },
    "es6-promise": {
      "version": "4.2.6",
      "resolved": "http://registry.npm.alibaba-inc.com/es6-promise/download/es6-promise-4.2.6.tgz",
      "dev": true
    },
    "es6-promisify": {
      "version": "5.0.0",
      "resolved": "http://registry.npm.alibaba-inc.com/es6-promisify/download/es6-promisify-5.0.0.tgz",
      "dev": true,
      "requires": {
        "es6-promise": "4.2.6"
      },
      "dependencies": {
        "es6-promise": {
          "version": "http://registry.npm.alibaba-inc.com/es6-promise/download/es6-promise-4.2.6.tgz",
          "bundled": true
        }
      }
    },
    "extract-zip": {
      "version": "1.6.7",
      "resolved": "http://registry.npm.alibaba-inc.com/extract-zip/download/extract-zip-1.6.7.tgz",
      "dev": true,
      "requires": {
        "concat-stream": "1.6.2",
        "debug": "2.6.9",
        "mkdirp": "0.5.1",
        "yauzl": "2.4.1"
      },
      "dependencies": {
        "concat-stream": {
          "version": "http://registry.npm.alibaba-inc.com/concat-stream/download/concat-stream-1.6.2.tgz"
        },
        "debug": {
          "version": "2.6.9",
          "bundled": true,
          "dev": true,
          "requires": {
            "ms": "2.0.0"
          }
        },
        "mkdirp": {
          "version": "http://registry.npm.alibaba-inc.com/mkdirp/download/mkdirp-0.5.1.tgz"
        },
        "ms": {
          "version": "2.0.0",
          "bundled": true,
          "dev": true
        },
        "yauzl": {
          "version": "http://registry.npm.alibaba-inc.com/yauzl/download/yauzl-2.4.1.tgz"
        }
      }
    },
    "fd-slicer": {
      "version": "1.0.1",
      "resolved": "http://registry.npm.alibaba-inc.com/fd-slicer/download/fd-slicer-1.0.1.tgz",
      "dev": true,
      "requires": {
        "pend": "1.2.0"
      },
      "dependencies": {
        "pend": {
          "version": "http://registry.npm.alibaba-inc.com/pend/download/pend-1.2.0.tgz"
        }
      }
    },
    "fs.realpath": {
      "version": "1.0.0",
      "resolved": "http://registry.npm.alibaba-inc.com/fs.realpath/download/fs.realpath-1.0.0.tgz",
      "dev": true
    },
    "glob": {
      "version": "7.1.3",
      "resolved": "http://registry.npm.alibaba-inc.com/glob/download/glob-7.1.3.tgz",
      "dev": true,
      "requires": {
        "fs.realpath": "1.0.0",
        "inflight": "1.0.6",
        "inherits": "2.0.3",
        "minimatch": "3.0.4",
        "once": "1.4.0",
        "path-is-absolute": "1.0.1"
      },
      "dependencies": {
        "fs.realpath": {
          "version": "http://registry.npm.alibaba-inc.com/fs.realpath/download/fs.realpath-1.0.0.tgz",
          "bundled": true
        },
        "inflight": {
          "version": "http://registry.npm.alibaba-inc.com/inflight/download/inflight-1.0.6.tgz",
          "bundled": true
        },
        "inherits": {
          "version": "http://registry.npm.alibaba-inc.com/inherits/download/inherits-2.0.3.tgz",
          "bundled": true
        },
        "minimatch": {
          "version": "http://registry.npm.alibaba-inc.com/minimatch/download/minimatch-3.0.4.tgz",
          "bundled": true
        },
        "once": {
          "version": "http://registry.npm.alibaba-inc.com/once/download/once-1.4.0.tgz",
          "bundled": true,
          "dependencies": {
            "wrappy": {
              "version": "http://registry.npm.alibaba-inc.com/wrappy/download/wrappy-1.0.2.tgz",
              "bundled": true
            }
          }
        },
        "path-is-absolute": {
          "version": "http://registry.npm.alibaba-inc.com/path-is-absolute/download/path-is-absolute-1.0.1.tgz",
          "bundled": true
        }
      }
    },
    "https-proxy-agent": {
      "version": "2.2.1",
      "resolved": "http://registry.npm.alibaba-inc.com/https-proxy-agent/download/https-proxy-agent-2.2.1.tgz",
      "dev": true,
      "requires": {
        "agent-base": "4.2.1",
        "debug": "3.2.6"
      },
      "dependencies": {
        "debug": {
          "version": "3.2.6",
          "bundled": true,
          "dev": true,
          "requires": {
            "ms": "2.1.1"
          }
        }
      }
    },
    "inflight": {
      "version": "1.0.6",
      "resolved": "http://registry.npm.alibaba-inc.com/inflight/download/inflight-1.0.6.tgz",
      "dev": true,
      "requires": {
        "once": "1.4.0",
        "wrappy": "1.0.2"
      },
      "dependencies": {
        "once": {
          "version": "http://registry.npm.alibaba-inc.com/once/download/once-1.4.0.tgz",
          "bundled": true
        },
        "wrappy": {
          "version": "http://registry.npm.alibaba-inc.com/wrappy/download/wrappy-1.0.2.tgz",
          "bundled": true
        }
      }
    },
    "inherits": {
      "version": "2.0.3",
      "resolved": "http://registry.npm.alibaba-inc.com/inherits/download/inherits-2.0.3.tgz",
      "dev": true
    },
    "isarray": {
      "version": "1.0.0",
      "resolved": "http://registry.npm.alibaba-inc.com/isarray/download/isarray-1.0.0.tgz",
      "dev": true
    },
    "mime": {
      "version": "2.4.2",
      "resolved": "http://registry.npm.alibaba-inc.com/mime/download/mime-2.4.2.tgz",
      "dev": true
    },
    "minimatch": {
      "version": "3.0.4",
      "resolved": "http://registry.npm.alibaba-inc.com/minimatch/download/minimatch-3.0.4.tgz",
      "dev": true,
      "requires": {
        "brace-expansion": "1.1.11"
      },
      "dependencies": {
        "brace-expansion": {
          "version": "http://registry.npm.alibaba-inc.com/brace-expansion/download/brace-expansion-1.1.11.tgz",
          "bundled": true
        }
      }
    },
    "minimist": {
      "version": "0.0.8",
      "resolved": "http://registry.npm.alibaba-inc.com/minimist/download/minimist-0.0.8.tgz",
      "dev": true
    },
    "mkdirp": {
      "version": "0.5.1",
      "resolved": "http://registry.npm.alibaba-inc.com/mkdirp/download/mkdirp-0.5.1.tgz",
      "dev": true,
      "requires": {
        "minimist": "0.0.8"
      },
      "dependencies": {
        "minimist": {
          "version": "http://registry.npm.alibaba-inc.com/minimist/download/minimist-0.0.8.tgz",
          "bundled": true
        }
      }
    },
    "ms": {
      "version": "2.1.1",
      "resolved": "http://registry.npm.alibaba-inc.com/ms/download/ms-2.1.1.tgz",
      "dev": true
    },
    "once": {
      "version": "1.4.0",
      "resolved": "http://registry.npm.alibaba-inc.com/once/download/once-1.4.0.tgz",
      "dev": true,
      "requires": {
        "wrappy": "1.0.2"
      },
      "dependencies": {
        "wrappy": {
          "version": "http://registry.npm.alibaba-inc.com/wrappy/download/wrappy-1.0.2.tgz",
          "bundled": true
        }
      }
    },
    "path-is-absolute": {
      "version": "1.0.1",
      "resolved": "http://registry.npm.alibaba-inc.com/path-is-absolute/download/path-is-absolute-1.0.1.tgz",
      "dev": true
    },
    "pend": {
      "version": "1.2.0",
      "resolved": "http://registry.npm.alibaba-inc.com/pend/download/pend-1.2.0.tgz",
      "dev": true
    },
    "process-nextick-args": {
      "version": "2.0.0",
      "resolved": "http://registry.npm.alibaba-inc.com/process-nextick-args/download/process-nextick-args-2.0.0.tgz",
      "dev": true
    },
    "progress": {
      "version": "2.0.3",
      "resolved": "http://registry.npm.alibaba-inc.com/progress/download/progress-2.0.3.tgz",
      "dev": true
    },
    "proxy-from-env": {
      "version": "1.0.0",
      "resolved": "http://registry.npm.alibaba-inc.com/proxy-from-env/download/proxy-from-env-1.0.0.tgz",
      "dev": true
    },
    "puppeteer": {
      "version": "1.14.0",
      "resolved": "https://registry.npmjs.org/puppeteer/-/puppeteer-1.14.0.tgz",
      "integrity": "sha512-SayS2wUX/8LF8Yo2Rkpc5nkAu4Jg3qu+OLTDSOZtisVQMB2Z5vjlY2TdPi/5CgZKiZroYIiyUN3sRX63El9iaw==",
      "dev": true,
      "requires": {
        "debug": "4.1.1",
        "extract-zip": "1.6.7",
        "https-proxy-agent": "2.2.1",
        "mime": "2.4.2",
        "progress": "2.0.3",
        "proxy-from-env": "1.0.0",
        "rimraf": "2.6.3",
        "ws": "6.2.1"
      }
    },
    "readable-stream": {
      "version": "2.3.6",
      "resolved": "http://registry.npm.alibaba-inc.com/readable-stream/download/readable-stream-2.3.6.tgz",
      "dev": true,
      "requires": {
        "core-util-is": "1.0.2",
        "inherits": "2.0.3",
        "isarray": "1.0.0",
        "process-nextick-args": "2.0.0",
        "safe-buffer": "5.1.2",
        "string_decoder": "1.1.1",
        "util-deprecate": "1.0.2"
      },
      "dependencies": {
        "core-util-is": {
          "version": "http://registry.npm.alibaba-inc.com/core-util-is/download/core-util-is-1.0.2.tgz"
        },
        "inherits": {
          "version": "http://registry.npm.alibaba-inc.com/inherits/download/inherits-2.0.3.tgz"
        },
        "isarray": {
          "version": "http://registry.npm.alibaba-inc.com/isarray/download/isarray-1.0.0.tgz"
        },
        "process-nextick-args": {
          "version": "http://registry.npm.alibaba-inc.com/process-nextick-args/download/process-nextick-args-2.0.0.tgz"
        },
        "safe-buffer": {
          "version": "http://registry.npm.alibaba-inc.com/safe-buffer/download/safe-buffer-5.1.2.tgz"
        },
        "string_decoder": {
          "version": "http://registry.npm.alibaba-inc.com/string_decoder/download/string_decoder-1.1.1.tgz"
        },
        "util-deprecate": {
          "version": "http://registry.npm.alibaba-inc.com/util-deprecate/download/util-deprecate-1.0.2.tgz"
        }
      }
    },
    "rimraf": {
      "version": "2.6.3",
      "resolved": "http://registry.npm.alibaba-inc.com/rimraf/download/rimraf-2.6.3.tgz",
      "dev": true,
      "requires": {
        "glob": "7.1.3"
      },
      "dependencies": {
        "glob": {
          "version": "http://registry.npm.alibaba-inc.com/glob/download/glob-7.1.3.tgz"
        }
      }
    },
    "safe-buffer": {
      "version": "5.1.2",
      "resolved": "http://registry.npm.alibaba-inc.com/safe-buffer/download/safe-buffer-5.1.2.tgz",
      "dev": true
    },
    "string_decoder": {
      "version": "1.1.1",
      "resolved": "http://registry.npm.alibaba-inc.com/string_decoder/download/string_decoder-1.1.1.tgz",
      "dev": true,
      "requires": {
        "safe-buffer": "5.1.2"
      },
      "dependencies": {
        "safe-buffer": {
          "version": "http://registry.npm.alibaba-inc.com/safe-buffer/download/safe-buffer-5.1.2.tgz",
          "bundled": true
        }
      }
    },
    "typedarray": {
      "version": "0.0.6",
      "resolved": "http://registry.npm.alibaba-inc.com/typedarray/download/typedarray-0.0.6.tgz",
      "dev": true
    },
    "util-deprecate": {
      "version": "1.0.2",
      "resolved": "http://registry.npm.alibaba-inc.com/util-deprecate/download/util-deprecate-1.0.2.tgz",
      "dev": true
    },
    "wrappy": {
      "version": "1.0.2",
      "resolved": "http://registry.npm.alibaba-inc.com/wrappy/download/wrappy-1.0.2.tgz",
      "dev": true
    },
    "ws": {
      "version": "6.2.1",
      "resolved": "http://registry.npm.alibaba-inc.com/ws/download/ws-6.2.1.tgz",
      "dev": true,
      "requires": {
        "async-limiter": "1.0.0"
      },
      "dependencies": {
        "async-limiter": {
          "version": "http://registry.npm.alibaba-inc.com/async-limiter/download/async-limiter-1.0.0.tgz",
          "bundled": true
        }
      }
    },
    "yauzl": {
      "version": "2.4.1",
      "resolved": "http://registry.npm.alibaba-inc.com/yauzl/download/yauzl-2.4.1.tgz",
      "dev": true,
      "requires": {
        "fd-slicer": "1.0.1"
      },
      "dependencies": {
        "fd-slicer": {
          "version": "http://registry.npm.alibaba-inc.com/fd-slicer/download/fd-slicer-1.0.1.tgz"
        }
      }
    }
  }
}
